{
    "_readme": [
        "This file locks the dependencies of your project to a known state",
        "Read more about it at https://getcomposer.org/doc/01-basic-usage.md#installing-dependencies",
        "This file is @generated automatically"
    ],
    "content-hash": "c8cda824d4e5233737f8882d502342ce",
    "packages": [],
    "packages-dev": [],
    "aliases": [],
    "minimum-stability": "stable",
    "stability-flags": [],
    "prefer-stable": false,
    "prefer-lowest": false,
    "platform": {
        "php": ">=7.2",
        "ext-pdo": "*",
        "ext-mysqlnd": "*",
        "ext-ldap": "*",
        "ext-xml": "*"
    },
    "platform-dev": [],
    "plugin-api-version": "2.1.0"
}
